// !$*UTF8*$!
{
	archiveVersion = 1;
	classes = {
	};
	objectVersion = 46;
	objects = {

/* Begin PBXBuildFile section */
		BD8AC43A1DF842B70067FEA9 /* AppDelegate.swift in Sources */ = {isa = PBXBuildFile; fileRef = BD8AC4391DF842B70067FEA9 /* AppDelegate.swift */; };
		BD8AC43C1DF842B70067FEA9 /* ViewController.swift in Sources */ = {isa = PBXBuildFile; fileRef = BD8AC43B1DF842B70067FEA9 /* ViewController.swift */; };
		BD8AC4411DF842B70067FEA9 /* Assets.xcassets in Resources */ = {isa = PBXBuildFile; fileRef = BD8AC4401DF842B70067FEA9 /* Assets.xcassets */; };
		BD8AC4441DF842B70067FEA9 /* LaunchScreen.storyboard in Resources */ = {isa = PBXBuildFile; fileRef = BD8AC4421DF842B70067FEA9 /* LaunchScreen.storyboard */; };
		BD8AC44C1DF8B3D30067FEA9 /* MoreViewController.swift in Sources */ = {isa = PBXBuildFile; fileRef = BD8AC44B1DF8B3D30067FEA9 /* MoreViewController.swift */; };
/* End PBXBuildFile section */

/* Begin PBXFileReference section */
		BD8AC4361DF842B70067FEA9 /* قطر ٢٠٢٠.app */ = {isa = PBXFileReference; explicitFileType = wrapper.application; includeInIndex = 0; path = "قطر ٢٠٢٠.app"; sourceTree = BUILT_PRODUCTS_DIR; };
		BD8AC4391DF842B70067FEA9 /* AppDelegate.swift */ = {isa = PBXFileReference; lastKnownFileType = sourcecode.swift; path = AppDelegate.swift; sourceTree = "<group>"; };
		BD8AC43B1DF842B70067FEA9 /* ViewController.swift */ = {isa = PBXFileReference; lastKnownFileType = sourcecode.swift; path = ViewController.swift; sourceTree = "<group>"; };
		BD8AC4401DF842B70067FEA9 /* Assets.xcassets */ = {isa = PBXFileReference; lastKnownFileType = folder.assetcatalog; path = Assets.xcassets; sourceTree = "<group>"; };
		BD8AC4431DF842B70067FEA9 /* Base */ = {isa = PBXFileReference; lastKnownFileType = file.storyboard; name = Base; path = Base.lproj/LaunchScreen.storyboard; sourceTree = "<group>"; };
		BD8AC4451DF842B70067FEA9 /* Info.plist */ = {isa = PBXFileReference; lastKnownFileType = text.plist.xml; path = Info.plist; sourceTree = "<group>"; };
		BD8AC44B1DF8B3D30067FEA9 /* MoreViewController.swift */ = {isa = PBXFileReference; fileEncoding = 4; lastKnownFileType = sourcecode.swift; name = MoreViewController.swift; path = ../MoreViewController.swift; sourceTree = "<group>"; };
/* End PBXFileReference section */

/* Begin PBXFrameworksBuildPhase section */
		BD8AC4331DF842B70067FEA9 /* Frameworks */ = {
			isa = PBXFrameworksBuildPhase;
			buildActionMask = 2147483647;
			files = (
			);
			runOnlyForDeploymentPostprocessing = 0;
		};
/* End PBXFrameworksBuildPhase section */

/* Begin PBXGroup section */
		BD8AC42D1DF842B70067FEA9 = {
			isa = PBXGroup;
			children = (
				BD8AC4381DF842B70067FEA9 /* قطر ٢٠٢٠ */,
				BD8AC4371DF842B70067FEA9 /* Products */,
			);
			sourceTree = "<group>";
		};
		BD8AC4371DF842B70067FEA9 /* Products */ = {
			isa = PBXGroup;
			children = (
				BD8AC4361DF842B70067FEA9 /* قطر ٢٠٢٠.app */,
			);
			name = Products;
			sourceTree = "<group>";
		};
		BD8AC4381DF842B70067FEA9 /* قطر ٢٠٢٠ */ = {
			isa = PBXGroup;
			children = (
				BD8AC4391DF842B70067FEA9 /* AppDelegate.swift */,
				BD8AC43B1DF842B70067FEA9 /* ViewController.swift */,
				BD8AC44B1DF8B3D30067FEA9 /* MoreViewController.swift */,
				BD8AC4401DF842B70067FEA9 /* Assets.xcassets */,
				BD8AC4421DF842B70067FEA9 /* LaunchScreen.storyboard */,
				BD8AC4451DF842B70067FEA9 /* Info.plist */,
			);
			path = "قطر ٢٠٢٠";
			sourceTree = "<group>";
		};
/* End PBXGroup section */

/* Begin PBXNativeTarget section */
		BD8AC4351DF842B70067FEA9 /* قطر ٢٠٢٠ */ = {
			isa = PBXNativeTarget;
			buildConfigurationList = BD8AC4481DF842B70067FEA9 /* Build configuration list for PBXNativeTarget "قطر ٢٠٢٠" */;
			buildPhases = (
				BD8AC4321DF842B70067FEA9 /* Sources */,
				BD8AC4331DF842B70067FEA9 /* Frameworks */,
				BD8AC4341DF842B70067FEA9 /* Resources */,
			);
			buildRules = (
			);
			dependencies = (
			);
			name = "قطر ٢٠٢٠";
			productName = "قطر ٢٠٢٠";
			productReference = BD8AC4361DF842B70067FEA9 /* قطر ٢٠٢٠.app */;
			productType = "com.apple.product-type.application";
		};
/* End PBXNativeTarget section */

/* Begin PBXProject section */
		BD8AC42E1DF842B70067FEA9 /* Project object */ = {
			isa = PBXProject;
			attributes = {
				LastSwiftUpdateCheck = 0810;
				LastUpgradeCheck = 0810;
				ORGANIZATIONNAME = "Asma Al-marrikhi";
				TargetAttributes = {
					BD8AC4351DF842B70067FEA9 = {
						CreatedOnToolsVersion = 8.1;
						DevelopmentTeam = VGM273UQ7T;
						ProvisioningStyle = Automatic;
					};
				};
			};
			buildConfigurationList = BD8AC4311DF842B70067FEA9 /* Build configuration list for PBXProject "قطر ٢٠٢٠" */;
			compatibilityVersion = "Xcode 3.2";
			developmentRegion = English;
			hasScannedForEncodings = 0;
			knownRegions = (
				en,
				Base,
			);
			mainGroup = BD8AC42D1DF842B70067FEA9;
			productRefGroup = BD8AC4371DF842B70067FEA9 /* Products */;
			projectDirPath = "";
			projectRoot = "";
			targets = (
				BD8AC4351DF842B70067FEA9 /* قطر ٢٠٢٠ */,
			);
		};
/* End PBXProject section */

/* Begin PBXResourcesBuildPhase section */
		BD8AC4341DF842B70067FEA9 /* Resources */ = {
			isa = PBXResourcesBuildPhase;
			buildActionMask = 2147483647;
			files = (
				BD8AC4441DF842B70067FEA9 /* LaunchScreen.storyboard in Resources */,
				BD8AC4411DF842B70067FEA9 /* Assets.xcassets in Resources */,
			);
			runOnlyForDeploymentPostprocessing = 0;
		};
/* End PBXResourcesBuildPhase section */

/* Begin PBXSourcesBuildPhase section */
		BD8AC4321DF842B70067FEA9 /* Sources */ = {
			isa = PBXSourcesBuildPhase;
			buildActionMask = 2147483647;
			files = (
				BD8AC44C1DF8B3D30067FEA9 /* MoreViewController.swift in Sources */,
				BD8AC43C1DF842B70067FEA9 /* ViewController.swift in Sources */,
				BD8AC43A1DF842B70067FEA9 /* AppDelegate.swift in Sources */,
			);
			runOnlyForDeploymentPostprocessing = 0;
		};
/* End PBXSourcesBuildPhase section */

/* Begin PBXVariantGroup section */
		BD8AC4421DF842B70067FEA9 /* LaunchScreen.storyboard */ = {
			isa = PBXVariantGroup;
			children = (
				BD8AC4431DF842B70067FEA9 /* Base */,
			);
			name = LaunchScreen.storyboard;
			sourceTree = "<group>";
		};
/* End PBXVariantGroup section */

/* Begin XCBuildConfiguration section */
		BD8AC4461DF842B70067FEA9 /* Debug */ = {
			isa = XCBuildConfiguration;
			buildSettings = {
				ALWAYS_SEARCH_USER_PATHS = NO;
				CLANG_ANALYZER_NONNULL = YES;
				CLANG_CXX_LANGUAGE_STANDARD = "gnu++0x";
				CLANG_CXX_LIBRARY = "libc++";
				CLANG_ENABLE_MODULES = YES;
				CLANG_ENABLE_OBJC_ARC = YES;
				CLANG_WARN_BOOL_CONVERSION = YES;
				CLANG_WARN_CONSTANT_CONVERSION = YES;
				CLANG_WARN_DIRECT_OBJC_ISA_USAGE = YES_ERROR;
				CLANG_WARN_DOCUMENTATION_COMMENTS = YES;
				CLANG_WARN_EMPTY_BODY = YES;
				CLANG_WARN_ENUM_CONVERSION = YES;
				CLANG_WARN_INFINITE_RECURSION = YES;
				CLANG_WARN_INT_CONVERSION = YES;
				CLANG_WARN_OBJC_ROOT_CLASS = YES_ERROR;
				CLANG_WARN_SUSPICIOUS_MOVES = YES;
				CLANG_WARN_UNREACHABLE_CODE = YES;
				CLANG_WARN__DUPLICATE_METHOD_MATCH = YES;
				"CODE_SIGN_IDENTITY[sdk=iphoneos*]" = "iPhone Developer";
				COPY_PHASE_STRIP = NO;
				DEBUG_INFORMATION_FORMAT = dwarf;
				ENABLE_STRICT_OBJC_MSGSEND = YES;
				ENABLE_TESTABILITY = YES;
				GCC_C_LANGUAGE_STANDARD = gnu99;
				GCC_DYNAMIC_NO_PIC = NO;
				GCC_NO_COMMON_BLOCKS = YES;
				GCC_OPTIMIZATION_LEVEL = 0;
				GCC_PREPROCESSOR_DEFINITIONS = (
					"DEBUG=1",
					"$(inherited)",
				);
				GCC_WARN_64_TO_32_BIT_CONVERSION = YES;
				GCC_WARN_ABOUT_RETURN_TYPE = YES_ERROR;
				GCC_WARN_UNDECLARED_SELECTOR = YES;
				GCC_WARN_UNINITIALIZED_AUTOS = YES_AGGRESSIVE;
				GCC_WARN_UNUSED_FUNCTION = YES;
				GCC_WARN_UNUSED_VARIABLE = YES;
				IPHONEOS_DEPLOYMENT_TARGET = 9.3;
				MTL_ENABLE_DEBUG_INFO = YES;
				ONLY_ACTIVE_ARCH = YES;
				SDKROOT = iphoneos;
				SWIFT_ACTIVE_COMPILATION_CONDITIONS = DEBUG;
				SWIFT_OPTIMIZATION_LEVEL = "-Onone";
				TARGETED_DEVICE_FAMILY = "1,2";
			};
			name = Debug;
		};
		BD8AC4471DF842B70067FEA9 /* Release */ = {
			isa = XCBuildConfiguration;
			buildSettings = {
				ALWAYS_SEARCH_USER_PATHS = NO;
				CLANG_ANALYZER_NONNULL = YES;
				CLANG_CXX_LANGUAGE_STANDARD = "gnu++0x";
				CLANG_CXX_LIBRARY = "libc++";
				CLANG_ENABLE_MODULES = YES;
				CLANG_ENABLE_OBJC_ARC = YES;
				CLANG_WARN_BOOL_CONVERSION = YES;
				CLANG_WARN_CONSTANT_CONVERSION = YES;
				CLANG_WARN_DIRECT_OBJC_ISA_USAGE = YES_ERROR;
				CLANG_WARN_DOCUMENTATION_COMMENTS = YES;
				CLANG_WARN_EMPTY_BODY = YES;
				CLANG_WARN_ENUM_CONVERSION = YES;
				CLANG_WARN_INFINITE_RECURSION = YES;
				CLANG_WARN_INT_CONVERSION = YES;
				CLANG_WARN_OBJC_ROOT_CLASS = YES_ERROR;
				CLANG_WARN_SUSPICIOUS_MOVES = YES;
				CLANG_WARN_UNREACHABLE_CODE = YES;
				CLANG_WARN__DUPLICATE_METHOD_MATCH = YES;
				"CODE_SIGN_IDENTITY[sdk=iphoneos*]" = "iPhone Developer";
				COPY_PHASE_STRIP = NO;
				DEBUG_INFORMATION_FORMAT = "dwarf-with-dsym";
				ENABLE_NS_ASSERTIONS = NO;
				ENABLE_STRICT_OBJC_MSGSEND = YES;
				GCC_C_LANGUAGE_STANDARD = gnu99;
				GCC_NO_COMMON_BLOCKS = YES;
				GCC_WARN_64_TO_32_BIT_CONVERSION = YES;
				GCC_WARN_ABOUT_RETURN_TYPE = YES_ERROR;
				GCC_WARN_UNDECLARED_SELECTOR = YES;
				GCC_WARN_UNINITIALIZED_AUTOS = YES_AGGRESSIVE;
				GCC_WARN_UNUSED_FUNCTION = YES;
				GCC_WARN_UNUSED_VARIABLE = YES;
				IPHONEOS_DEPLOYMENT_TARGET = 9.3;
				MTL_ENABLE_DEBUG_INFO = NO;
				SDKROOT = iphoneos;
				SWIFT_OPTIMIZATION_LEVEL = "-Owholemodule";
				TARGETED_DEVICE_FAMILY = "1,2";
				VALIDATE_PRODUCT = YES;
			};
			name = Release;
		};
		BD8AC4491DF842B70067FEA9 /* Debug */ = {
			isa = XCBuildConfiguration;
			buildSettings = {
				ASSETCATALOG_COMPILER_APPICON_NAME = AppIcon;
				DEVELOPMENT_TEAM = VGM273UQ7T;
				INFOPLIST_FILE = "قطر ٢٠٢٠/Info.plist";
				LD_RUNPATH_SEARCH_PATHS = "$(inherited) @executable_path/Frameworks";
				PRODUCT_BUNDLE_IDENTIFIER = "qatar2020.com.--------";
				PRODUCT_NAME = "$(TARGET_NAME)";
				SWIFT_VERSION = 3.0;
			};
			name = Debug;
		};
		BD8AC44A1DF842B70067FEA9 /* Release */ = {
			isa = XCBuildConfiguration;
			buildSettings = {
				ASSETCATALOG_COMPILER_APPICON_NAME = AppIcon;
				DEVELOPMENT_TEAM = VGM273UQ7T;
				INFOPLIST_FILE = "قطر ٢٠٢٠/Info.plist";
				LD_RUNPATH_SEARCH_PATHS = "$(inherited) @executable_path/Frameworks";
				PRODUCT_BUNDLE_IDENTIFIER = "qatar2020.com.--------";
				PRODUCT_NAME = "$(TARGET_NAME)";
				SWIFT_VERSION = 3.0;
			};
			name = Release;
		};
/* End XCBuildConfiguration section */

/* Begin XCConfigurationList section */
		BD8AC4311DF842B70067FEA9 /* Build configuration list for PBXProject "قطر ٢٠٢٠" */ = {
			isa = XCConfigurationList;
			buildConfigurations = (
				BD8AC4461DF842B70067FEA9 /* Debug */,
				BD8AC4471DF842B70067FEA9 /* Release */,
			);
			defaultConfigurationIsVisible = 0;
			defaultConfigurationName = Release;
		};
		BD8AC4481DF842B70067FEA9 /* Build configuration list for PBXNativeTarget "قطر ٢٠٢٠" */ = {
			isa = XCConfigurationList;
			buildConfigurations = (
				BD8AC4491DF842B70067FEA9 /* Debug */,
				BD8AC44A1DF842B70067FEA9 /* Release */,
			);
			defaultConfigurationIsVisible = 0;
		};
/* End XCConfigurationList section */
	};
	rootObject = BD8AC42E1DF842B70067FEA9 /* Project object */;
}
